
Microsoft Visual Studio Solution File, Format Version 12.00
# Visual Studio Version 16
VisualStudioVersion = 16.0.29519.181
MinimumVisualStudioVersion = 10.0.40219.1
Project("{FAE04EC0-301F-11D3-BF4B-00C04F79EFBC}") = "StreamTest", "StreamTest\StreamTest.csproj", "{31439DA5-D2A9-4652-B9E5-A482245FBFCD}"
EndProject
Global
	GlobalSection(SolutionConfigurationPlatforms) = preSolution
		Debug|Any CPU = Debug|Any CPU
		Release|Any CPU = Release|Any CPU
	EndGlobalSection
	GlobalSection(ProjectConfigurationPlatforms) = postSolution
		{31439DA5-D2A9-4652-B9E5-A482245FBFCD}.Debug|Any CPU.ActiveCfg = Debug|Any CPU
		{31439DA5-D2A9-4652-B9E5-A482245FBFCD}.Debug|Any CPU.Build.0 = Debug|Any CPU
		{31439DA5-D2A9-4652-B9E5-A482245FBFCD}.Release|Any CPU.ActiveCfg = Release|Any CPU
		{31439DA5-D2A9-4652-B9E5-A482245FBFCD}.Release|Any CPU.Build.0 = Release|Any CPU
	EndGlobalSection
	GlobalSection(SolutionProperties) = preSolution
		HideSolutionNode = FALSE
	EndGlobalSection
	GlobalSection(ExtensibilityGlobals) = postSolution
		SolutionGuid = {923EDE61-B52B-4E18-B302-4ADAB335692A}
	EndGlobalSection
EndGlobal
